
Microsoft Visual Studio Solution File, Format Version 12.00
# Visual Studio 14
VisualStudioVersion = 14.0.25420.1
MinimumVisualStudioVersion = 10.0.40219.1
Project("{FAE04EC0-301F-11D3-BF4B-00C04F79EFBC}") = "Watchburn.RunAround.Droid", "Watchburn.RunAround\Watchburn.RunAround.Droid\Watchburn.RunAround.Droid.csproj", "{E3E2041D-5C09-4D71-890E-D7AE67BF2182}"
EndProject
Project("{FAE04EC0-301F-11D3-BF4B-00C04F79EFBC}") = "Watchburn.RunAround.iOS", "Watchburn.RunAround\Watchburn.RunAround.iOS\Watchburn.RunAround.iOS.csproj", "{F6DF2AB3-F5D5-4E92-AF6C-C89294327A39}"
EndProject
Project("{FAE04EC0-301F-11D3-BF4B-00C04F79EFBC}") = "Watchburn.RunAround.WinPhone", "Watchburn.RunAround\Watchburn.RunAround.WinPhone\Watchburn.RunAround.WinPhone.csproj", "{AE33A9E8-8FA0-464B-9769-4F572D677696}"
EndProject
Project("{FAE04EC0-301F-11D3-BF4B-00C04F79EFBC}") = "Watchburn.RunAround.UWP", "Watchburn.RunAround\Watchburn.RunAround.UWP\Watchburn.RunAround.UWP.csproj", "{30FF5382-82F2-4A46-A148-F09C9371AF26}"
EndProject
Project("{FAE04EC0-301F-11D3-BF4B-00C04F79EFBC}") = "Watchburn.RunAround.Windows", "Watchburn.RunAround\Watchburn.RunAround.Windows\Watchburn.RunAround.Windows.csproj", "{577663A9-8770-4645-A597-517016F7A79A}"
EndProject
Project("{FAE04EC0-301F-11D3-BF4B-00C04F79EFBC}") = "Watchburn.RunAround", "Watchburn.RunAround\Watchburn.RunAround\Watchburn.RunAround.csproj", "{FF538D3F-8C74-4291-A964-5EBD45941735}"
EndProject
Global
	GlobalSection(SolutionConfigurationPlatforms) = preSolution
		Ad-Hoc|Any CPU = Ad-Hoc|Any CPU
		Ad-Hoc|ARM = Ad-Hoc|ARM
		Ad-Hoc|iPhone = Ad-Hoc|iPhone
		Ad-Hoc|iPhoneSimulator = Ad-Hoc|iPhoneSimulator
		Ad-Hoc|x64 = Ad-Hoc|x64
		Ad-Hoc|x86 = Ad-Hoc|x86
		AppStore|Any CPU = AppStore|Any CPU
		AppStore|ARM = AppStore|ARM
		AppStore|iPhone = AppStore|iPhone
		AppStore|iPhoneSimulator = AppStore|iPhoneSimulator
		AppStore|x64 = AppStore|x64
		AppStore|x86 = AppStore|x86
		Debug|Any CPU = Debug|Any CPU
		Debug|ARM = Debug|ARM
		Debug|iPhone = Debug|iPhone
		Debug|iPhoneSimulator = Debug|iPhoneSimulator
		Debug|x64 = Debug|x64
		Debug|x86 = Debug|x86
		Release|Any CPU = Release|Any CPU
		Release|ARM = Release|ARM
		Release|iPhone = Release|iPhone
		Release|iPhoneSimulator = Release|iPhoneSimulator
		Release|x64 = Release|x64
		Release|x86 = Release|x86
	EndGlobalSection
	GlobalSection(ProjectConfigurationPlatforms) = postSolution
		{E3E2041D-5C09-4D71-890E-D7AE67BF2182}.Ad-Hoc|Any CPU.ActiveCfg = Release|Any CPU
		{E3E2041D-5C09-4D71-890E-D7AE67BF2182}.Ad-Hoc|Any CPU.Build.0 = Release|Any CPU
		{E3E2041D-5C09-4D71-890E-D7AE67BF2182}.Ad-Hoc|Any CPU.Deploy.0 = Release|Any CPU
		{E3E2041D-5C09-4D71-890E-D7AE67BF2182}.Ad-Hoc|ARM.ActiveCfg = Release|Any CPU
		{E3E2041D-5C09-4D71-890E-D7AE67BF2182}.Ad-Hoc|ARM.Build.0 = Release|Any CPU
		{E3E2041D-5C09-4D71-890E-D7AE67BF2182}.Ad-Hoc|ARM.Deploy.0 = Release|Any CPU
		{E3E2041D-5C09-4D71-890E-D7AE67BF2182}.Ad-Hoc|iPhone.ActiveCfg = Release|Any CPU
		{E3E2041D-5C09-4D71-890E-D7AE67BF2182}.Ad-Hoc|iPhone.Build.0 = Release|Any CPU
		{E3E2041D-5C09-4D71-890E-D7AE67BF2182}.Ad-Hoc|iPhone.Deploy.0 = Release|Any CPU
		{E3E2041D-5C09-4D71-890E-D7AE67BF2182}.Ad-Hoc|iPhoneSimulator.ActiveCfg = Release|Any CPU
		{E3E2041D-5C09-4D71-890E-D7AE67BF2182}.Ad-Hoc|iPhoneSimulator.Build.0 = Release|Any CPU
		{E3E2041D-5C09-4D71-890E-D7AE67BF2182}.Ad-Hoc|iPhoneSimulator.Deploy.0 = Release|Any CPU
		{E3E2041D-5C09-4D71-890E-D7AE67BF2182}.Ad-Hoc|x64.ActiveCfg = Release|Any CPU
		{E3E2041D-5C09-4D71-890E-D7AE67BF2182}.Ad-Hoc|x64.Build.0 = Release|Any CPU
		{E3E2041D-5C09-4D71-890E-D7AE67BF2182}.Ad-Hoc|x64.Deploy.0 = Release|Any CPU
		{E3E2041D-5C09-4D71-890E-D7AE67BF2182}.Ad-Hoc|x86.ActiveCfg = Release|Any CPU
		{E3E2041D-5C09-4D71-890E-D7AE67BF2182}.Ad-Hoc|x86.Build.0 = Release|Any CPU
		{E3E2041D-5C09-4D71-890E-D7AE67BF2182}.Ad-Hoc|x86.Deploy.0 = Release|Any CPU
		{E3E2041D-5C09-4D71-890E-D7AE67BF2182}.AppStore|Any CPU.ActiveCfg = Release|Any CPU
		{E3E2041D-5C09-4D71-890E-D7AE67BF2182}.AppStore|Any CPU.Build.0 = Release|Any CPU
		{E3E2041D-5C09-4D71-890E-D7AE67BF2182}.AppStore|Any CPU.Deploy.0 = Release|Any CPU
		{E3E2041D-5C09-4D71-890E-D7AE67BF2182}.AppStore|ARM.ActiveCfg = Release|Any CPU
		{E3E2041D-5C09-4D71-890E-D7AE67BF2182}.AppStore|ARM.Build.0 = Release|Any CPU
		{E3E2041D-5C09-4D71-890E-D7AE67BF2182}.AppStore|ARM.Deploy.0 = Release|Any CPU
		{E3E2041D-5C09-4D71-890E-D7AE67BF2182}.AppStore|iPhone.ActiveCfg = Release|Any CPU
		{E3E2041D-5C09-4D71-890E-D7AE67BF2182}.AppStore|iPhone.Build.0 = Release|Any CPU
		{E3E2041D-5C09-4D71-890E-D7AE67BF2182}.AppStore|iPhone.Deploy.0 = Release|Any CPU
		{E3E2041D-5C09-4D71-890E-D7AE67BF2182}.AppStore|iPhoneSimulator.ActiveCfg = Release|Any CPU
		{E3E2041D-5C09-4D71-890E-D7AE67BF2182}.AppStore|iPhoneSimulator.Build.0 = Release|Any CPU
		{E3E2041D-5C09-4D71-890E-D7AE67BF2182}.AppStore|iPhoneSimulator.Deploy.0 = Release|Any CPU
		{E3E2041D-5C09-4D71-890E-D7AE67BF2182}.AppStore|x64.ActiveCfg = Release|Any CPU
		{E3E2041D-5C09-4D71-890E-D7AE67BF2182}.AppStore|x64.Build.0 = Release|Any CPU
		{E3E2041D-5C09-4D71-890E-D7AE67BF2182}.AppStore|x64.Deploy.0 = Release|Any CPU
		{E3E2041D-5C09-4D71-890E-D7AE67BF2182}.AppStore|x86.ActiveCfg = Release|Any CPU
		{E3E2041D-5C09-4D71-890E-D7AE67BF2182}.AppStore|x86.Build.0 = Release|Any CPU
		{E3E2041D-5C09-4D71-890E-D7AE67BF2182}.AppStore|x86.Deploy.0 = Release|Any CPU
		{E3E2041D-5C09-4D71-890E-D7AE67BF2182}.Debug|Any CPU.ActiveCfg = Debug|Any CPU
		{E3E2041D-5C09-4D71-890E-D7AE67BF2182}.Debug|Any CPU.Build.0 = Debug|Any CPU
		{E3E2041D-5C09-4D71-890E-D7AE67BF2182}.Debug|Any CPU.Deploy.0 = Debug|Any CPU
		{E3E2041D-5C09-4D71-890E-D7AE67BF2182}.Debug|ARM.ActiveCfg = Debug|Any CPU
		{E3E2041D-5C09-4D71-890E-D7AE67BF2182}.Debug|ARM.Build.0 = Debug|Any CPU
		{E3E2041D-5C09-4D71-890E-D7AE67BF2182}.Debug|ARM.Deploy.0 = Debug|Any CPU
		{E3E2041D-5C09-4D71-890E-D7AE67BF2182}.Debug|iPhone.ActiveCfg = Debug|Any CPU
		{E3E2041D-5C09-4D71-890E-D7AE67BF2182}.Debug|iPhone.Build.0 = Debug|Any CPU
		{E3E2041D-5C09-4D71-890E-D7AE67BF2182}.Debug|iPhone.Deploy.0 = Debug|Any CPU
		{E3E2041D-5C09-4D71-890E-D7AE67BF2182}.Debug|iPhoneSimulator.ActiveCfg = Debug|Any CPU
		{E3E2041D-5C09-4D71-890E-D7AE67BF2182}.Debug|iPhoneSimulator.Build.0 = Debug|Any CPU
		{E3E2041D-5C09-4D71-890E-D7AE67BF2182}.Debug|iPhoneSimulator.Deploy.0 = Debug|Any CPU
		{E3E2041D-5C09-4D71-890E-D7AE67BF2182}.Debug|x64.ActiveCfg = Debug|Any CPU
		{E3E2041D-5C09-4D71-890E-D7AE67BF2182}.Debug|x64.Build.0 = Debug|Any CPU
		{E3E2041D-5C09-4D71-890E-D7AE67BF2182}.Debug|x64.Deploy.0 = Debug|Any CPU
		{E3E2041D-5C09-4D71-890E-D7AE67BF2182}.Debug|x86.ActiveCfg = Debug|Any CPU
		{E3E2041D-5C09-4D71-890E-D7AE67BF2182}.Debug|x86.Build.0 = Debug|Any CPU
		{E3E2041D-5C09-4D71-890E-D7AE67BF2182}.Debug|x86.Deploy.0 = Debug|Any CPU
		{E3E2041D-5C09-4D71-890E-D7AE67BF2182}.Release|Any CPU.ActiveCfg = Release|Any CPU
		{E3E2041D-5C09-4D71-890E-D7AE67BF2182}.Release|Any CPU.Build.0 = Release|Any CPU
		{E3E2041D-5C09-4D71-890E-D7AE67BF2182}.Release|Any CPU.Deploy.0 = Release|Any CPU
		{E3E2041D-5C09-4D71-890E-D7AE67BF2182}.Release|ARM.ActiveCfg = Release|Any CPU
		{E3E2041D-5C09-4D71-890E-D7AE67BF2182}.Release|ARM.Build.0 = Release|Any CPU
		{E3E2041D-5C09-4D71-890E-D7AE67BF2182}.Release|ARM.Deploy.0 = Release|Any CPU
		{E3E2041D-5C09-4D71-890E-D7AE67BF2182}.Release|iPhone.ActiveCfg = Release|Any CPU
		{E3E2041D-5C09-4D71-890E-D7AE67BF2182}.Release|iPhone.Build.0 = Release|Any CPU
		{E3E2041D-5C09-4D71-890E-D7AE67BF2182}.Release|iPhone.Deploy.0 = Release|Any CPU
		{E3E2041D-5C09-4D71-890E-D7AE67BF2182}.Release|iPhoneSimulator.ActiveCfg = Release|Any CPU
		{E3E2041D-5C09-4D71-890E-D7AE67BF2182}.Release|iPhoneSimulator.Build.0 = Release|Any CPU
		{E3E2041D-5C09-4D71-890E-D7AE67BF2182}.Release|iPhoneSimulator.Deploy.0 = Release|Any CPU
		{E3E2041D-5C09-4D71-890E-D7AE67BF2182}.Release|x64.ActiveCfg = Release|Any CPU
		{E3E2041D-5C09-4D71-890E-D7AE67BF2182}.Release|x64.Build.0 = Release|Any CPU
		{E3E2041D-5C09-4D71-890E-D7AE67BF2182}.Release|x64.Deploy.0 = Release|Any CPU
		{E3E2041D-5C09-4D71-890E-D7AE67BF2182}.Release|x86.ActiveCfg = Release|Any CPU
		{E3E2041D-5C09-4D71-890E-D7AE67BF2182}.Release|x86.Build.0 = Release|Any CPU
		{E3E2041D-5C09-4D71-890E-D7AE67BF2182}.Release|x86.Deploy.0 = Release|Any CPU
		{F6DF2AB3-F5D5-4E92-AF6C-C89294327A39}.Ad-Hoc|Any CPU.ActiveCfg = Ad-Hoc|iPhone
		{F6DF2AB3-F5D5-4E92-AF6C-C89294327A39}.Ad-Hoc|ARM.ActiveCfg = Ad-Hoc|iPhone
		{F6DF2AB3-F5D5-4E92-AF6C-C89294327A39}.Ad-Hoc|iPhone.ActiveCfg = Ad-Hoc|iPhone
		{F6DF2AB3-F5D5-4E92-AF6C-C89294327A39}.Ad-Hoc|iPhone.Build.0 = Ad-Hoc|iPhone
		{F6DF2AB3-F5D5-4E92-AF6C-C89294327A39}.Ad-Hoc|iPhoneSimulator.ActiveCfg = Ad-Hoc|iPhoneSimulator
		{F6DF2AB3-F5D5-4E92-AF6C-C89294327A39}.Ad-Hoc|iPhoneSimulator.Build.0 = Ad-Hoc|iPhoneSimulator
		{F6DF2AB3-F5D5-4E92-AF6C-C89294327A39}.Ad-Hoc|x64.ActiveCfg = Ad-Hoc|iPhone
		{F6DF2AB3-F5D5-4E92-AF6C-C89294327A39}.Ad-Hoc|x86.ActiveCfg = Ad-Hoc|iPhone
		{F6DF2AB3-F5D5-4E92-AF6C-C89294327A39}.AppStore|Any CPU.ActiveCfg = AppStore|iPhone
		{F6DF2AB3-F5D5-4E92-AF6C-C89294327A39}.AppStore|ARM.ActiveCfg = AppStore|iPhone
		{F6DF2AB3-F5D5-4E92-AF6C-C89294327A39}.AppStore|iPhone.ActiveCfg = AppStore|iPhone
		{F6DF2AB3-F5D5-4E92-AF6C-C89294327A39}.AppStore|iPhone.Build.0 = AppStore|iPhone
		{F6DF2AB3-F5D5-4E92-AF6C-C89294327A39}.AppStore|iPhoneSimulator.ActiveCfg = AppStore|iPhoneSimulator
		{F6DF2AB3-F5D5-4E92-AF6C-C89294327A39}.AppStore|iPhoneSimulator.Build.0 = AppStore|iPhoneSimulator
		{F6DF2AB3-F5D5-4E92-AF6C-C89294327A39}.AppStore|x64.ActiveCfg = AppStore|iPhone
		{F6DF2AB3-F5D5-4E92-AF6C-C89294327A39}.AppStore|x86.ActiveCfg = AppStore|iPhone
		{F6DF2AB3-F5D5-4E92-AF6C-C89294327A39}.Debug|Any CPU.ActiveCfg = Debug|iPhone
		{F6DF2AB3-F5D5-4E92-AF6C-C89294327A39}.Debug|ARM.ActiveCfg = Debug|iPhone
		{F6DF2AB3-F5D5-4E92-AF6C-C89294327A39}.Debug|iPhone.ActiveCfg = Debug|iPhone
		{F6DF2AB3-F5D5-4E92-AF6C-C89294327A39}.Debug|iPhone.Build.0 = Debug|iPhone
		{F6DF2AB3-F5D5-4E92-AF6C-C89294327A39}.Debug|iPhoneSimulator.ActiveCfg = Debug|iPhoneSimulator
		{F6DF2AB3-F5D5-4E92-AF6C-C89294327A39}.Debug|iPhoneSimulator.Build.0 = Debug|iPhoneSimulator
		{F6DF2AB3-F5D5-4E92-AF6C-C89294327A39}.Debug|x64.ActiveCfg = Debug|iPhone
		{F6DF2AB3-F5D5-4E92-AF6C-C89294327A39}.Debug|x86.ActiveCfg = Debug|iPhone
		{F6DF2AB3-F5D5-4E92-AF6C-C89294327A39}.Release|Any CPU.ActiveCfg = Release|iPhone
		{F6DF2AB3-F5D5-4E92-AF6C-C89294327A39}.Release|ARM.ActiveCfg = Release|iPhone
		{F6DF2AB3-F5D5-4E92-AF6C-C89294327A39}.Release|iPhone.ActiveCfg = Release|iPhone
		{F6DF2AB3-F5D5-4E92-AF6C-C89294327A39}.Release|iPhone.Build.0 = Release|iPhone
		{F6DF2AB3-F5D5-4E92-AF6C-C89294327A39}.Release|iPhoneSimulator.ActiveCfg = Release|iPhoneSimulator
		{F6DF2AB3-F5D5-4E92-AF6C-C89294327A39}.Release|iPhoneSimulator.Build.0 = Release|iPhoneSimulator
		{F6DF2AB3-F5D5-4E92-AF6C-C89294327A39}.Release|x64.ActiveCfg = Release|iPhone
		{F6DF2AB3-F5D5-4E92-AF6C-C89294327A39}.Release|x86.ActiveCfg = Release|iPhone
		{AE33A9E8-8FA0-464B-9769-4F572D677696}.Ad-Hoc|Any CPU.ActiveCfg = Release|Any CPU
		{AE33A9E8-8FA0-464B-9769-4F572D677696}.Ad-Hoc|Any CPU.Build.0 = Release|Any CPU
		{AE33A9E8-8FA0-464B-9769-4F572D677696}.Ad-Hoc|Any CPU.Deploy.0 = Release|Any CPU
		{AE33A9E8-8FA0-464B-9769-4F572D677696}.Ad-Hoc|ARM.ActiveCfg = Release|ARM
		{AE33A9E8-8FA0-464B-9769-4F572D677696}.Ad-Hoc|ARM.Build.0 = Release|ARM
		{AE33A9E8-8FA0-464B-9769-4F572D677696}.Ad-Hoc|ARM.Deploy.0 = Release|ARM
		{AE33A9E8-8FA0-464B-9769-4F572D677696}.Ad-Hoc|iPhone.ActiveCfg = Release|Any CPU
		{AE33A9E8-8FA0-464B-9769-4F572D677696}.Ad-Hoc|iPhone.Build.0 = Release|Any CPU
		{AE33A9E8-8FA0-464B-9769-4F572D677696}.Ad-Hoc|iPhone.Deploy.0 = Release|Any CPU
		{AE33A9E8-8FA0-464B-9769-4F572D677696}.Ad-Hoc|iPhoneSimulator.ActiveCfg = Release|Any CPU
		{AE33A9E8-8FA0-464B-9769-4F572D677696}.Ad-Hoc|iPhoneSimulator.Build.0 = Release|Any CPU
		{AE33A9E8-8FA0-464B-9769-4F572D677696}.Ad-Hoc|iPhoneSimulator.Deploy.0 = Release|Any CPU
		{AE33A9E8-8FA0-464B-9769-4F572D677696}.Ad-Hoc|x64.ActiveCfg = Release|Any CPU
		{AE33A9E8-8FA0-464B-9769-4F572D677696}.Ad-Hoc|x64.Build.0 = Release|Any CPU
		{AE33A9E8-8FA0-464B-9769-4F572D677696}.Ad-Hoc|x64.Deploy.0 = Release|Any CPU
		{AE33A9E8-8FA0-464B-9769-4F572D677696}.Ad-Hoc|x86.ActiveCfg = Release|x86
		{AE33A9E8-8FA0-464B-9769-4F572D677696}.Ad-Hoc|x86.Build.0 = Release|x86
		{AE33A9E8-8FA0-464B-9769-4F572D677696}.Ad-Hoc|x86.Deploy.0 = Release|x86
		{AE33A9E8-8FA0-464B-9769-4F572D677696}.AppStore|Any CPU.ActiveCfg = Release|Any CPU
		{AE33A9E8-8FA0-464B-9769-4F572D677696}.AppStore|Any CPU.Build.0 = Release|Any CPU
		{AE33A9E8-8FA0-464B-9769-4F572D677696}.AppStore|Any CPU.Deploy.0 = Release|Any CPU
		{AE33A9E8-8FA0-464B-9769-4F572D677696}.AppStore|ARM.ActiveCfg = Release|ARM
		{AE33A9E8-8FA0-464B-9769-4F572D677696}.AppStore|ARM.Build.0 = Release|ARM
		{AE33A9E8-8FA0-464B-9769-4F572D677696}.AppStore|ARM.Deploy.0 = Release|ARM
		{AE33A9E8-8FA0-464B-9769-4F572D677696}.AppStore|iPhone.ActiveCfg = Release|Any CPU
		{AE33A9E8-8FA0-464B-9769-4F572D677696}.AppStore|iPhone.Build.0 = Release|Any CPU
		{AE33A9E8-8FA0-464B-9769-4F572D677696}.AppStore|iPhone.Deploy.0 = Release|Any CPU
		{AE33A9E8-8FA0-464B-9769-4F572D677696}.AppStore|iPhoneSimulator.ActiveCfg = Release|Any CPU
		{AE33A9E8-8FA0-464B-9769-4F572D677696}.AppStore|iPhoneSimulator.Build.0 = Release|Any CPU
		{AE33A9E8-8FA0-464B-9769-4F572D677696}.AppStore|iPhoneSimulator.Deploy.0 = Release|Any CPU
		{AE33A9E8-8FA0-464B-9769-4F572D677696}.AppStore|x64.ActiveCfg = Release|Any CPU
		{AE33A9E8-8FA0-464B-9769-4F572D677696}.AppStore|x64.Build.0 = Release|Any CPU
		{AE33A9E8-8FA0-464B-9769-4F572D677696}.AppStore|x64.Deploy.0 = Release|Any CPU
		{AE33A9E8-8FA0-464B-9769-4F572D677696}.AppStore|x86.ActiveCfg = Release|x86
		{AE33A9E8-8FA0-464B-9769-4F572D677696}.AppStore|x86.Build.0 = Release|x86
		{AE33A9E8-8FA0-464B-9769-4F572D677696}.AppStore|x86.Deploy.0 = Release|x86
		{AE33A9E8-8FA0-464B-9769-4F572D677696}.Debug|Any CPU.ActiveCfg = Debug|Any CPU
		{AE33A9E8-8FA0-464B-9769-4F572D677696}.Debug|Any CPU.Build.0 = Debug|Any CPU
		{AE33A9E8-8FA0-464B-9769-4F572D677696}.Debug|Any CPU.Deploy.0 = Debug|Any CPU
		{AE33A9E8-8FA0-464B-9769-4F572D677696}.Debug|ARM.ActiveCfg = Debug|ARM
		{AE33A9E8-8FA0-464B-9769-4F572D677696}.Debug|ARM.Build.0 = Debug|ARM
		{AE33A9E8-8FA0-464B-9769-4F572D677696}.Debug|ARM.Deploy.0 = Debug|ARM
		{AE33A9E8-8FA0-464B-9769-4F572D677696}.Debug|iPhone.ActiveCfg = Debug|Any CPU
		{AE33A9E8-8FA0-464B-9769-4F572D677696}.Debug|iPhone.Build.0 = Debug|Any CPU
		{AE33A9E8-8FA0-464B-9769-4F572D677696}.Debug|iPhone.Deploy.0 = Debug|Any CPU
		{AE33A9E8-8FA0-464B-9769-4F572D677696}.Debug|iPhoneSimulator.ActiveCfg = Debug|Any CPU
		{AE33A9E8-8FA0-464B-9769-4F572D677696}.Debug|iPhoneSimulator.Build.0 = Debug|Any CPU
		{AE33A9E8-8FA0-464B-9769-4F572D677696}.Debug|iPhoneSimulator.Deploy.0 = Debug|Any CPU
		{AE33A9E8-8FA0-464B-9769-4F572D677696}.Debug|x64.ActiveCfg = Debug|Any CPU
		{AE33A9E8-8FA0-464B-9769-4F572D677696}.Debug|x64.Build.0 = Debug|Any CPU
		{AE33A9E8-8FA0-464B-9769-4F572D677696}.Debug|x64.Deploy.0 = Debug|Any CPU
		{AE33A9E8-8FA0-464B-9769-4F572D677696}.Debug|x86.ActiveCfg = Debug|x86
		{AE33A9E8-8FA0-464B-9769-4F572D677696}.Debug|x86.Build.0 = Debug|x86
		{AE33A9E8-8FA0-464B-9769-4F572D677696}.Debug|x86.Deploy.0 = Debug|x86
		{AE33A9E8-8FA0-464B-9769-4F572D677696}.Release|Any CPU.ActiveCfg = Release|Any CPU
		{AE33A9E8-8FA0-464B-9769-4F572D677696}.Release|Any CPU.Build.0 = Release|Any CPU
		{AE33A9E8-8FA0-464B-9769-4F572D677696}.Release|Any CPU.Deploy.0 = Release|Any CPU
		{AE33A9E8-8FA0-464B-9769-4F572D677696}.Release|ARM.ActiveCfg = Release|ARM
		{AE33A9E8-8FA0-464B-9769-4F572D677696}.Release|ARM.Build.0 = Release|ARM
		{AE33A9E8-8FA0-464B-9769-4F572D677696}.Release|ARM.Deploy.0 = Release|ARM
		{AE33A9E8-8FA0-464B-9769-4F572D677696}.Release|iPhone.ActiveCfg = Release|Any CPU
		{AE33A9E8-8FA0-464B-9769-4F572D677696}.Release|iPhone.Build.0 = Release|Any CPU
		{AE33A9E8-8FA0-464B-9769-4F572D677696}.Release|iPhone.Deploy.0 = Release|Any CPU
		{AE33A9E8-8FA0-464B-9769-4F572D677696}.Release|iPhoneSimulator.ActiveCfg = Release|Any CPU
		{AE33A9E8-8FA0-464B-9769-4F572D677696}.Release|iPhoneSimulator.Build.0 = Release|Any CPU
		{AE33A9E8-8FA0-464B-9769-4F572D677696}.Release|iPhoneSimulator.Deploy.0 = Release|Any CPU
		{AE33A9E8-8FA0-464B-9769-4F572D677696}.Release|x64.ActiveCfg = Release|Any CPU
		{AE33A9E8-8FA0-464B-9769-4F572D677696}.Release|x64.Build.0 = Release|Any CPU
		{AE33A9E8-8FA0-464B-9769-4F572D677696}.Release|x64.Deploy.0 = Release|Any CPU
		{AE33A9E8-8FA0-464B-9769-4F572D677696}.Release|x86.ActiveCfg = Release|x86
		{AE33A9E8-8FA0-464B-9769-4F572D677696}.Release|x86.Build.0 = Release|x86
		{AE33A9E8-8FA0-464B-9769-4F572D677696}.Release|x86.Deploy.0 = Release|x86
		{30FF5382-82F2-4A46-A148-F09C9371AF26}.Ad-Hoc|Any CPU.ActiveCfg = Release|x86
		{30FF5382-82F2-4A46-A148-F09C9371AF26}.Ad-Hoc|Any CPU.Build.0 = Release|x86
		{30FF5382-82F2-4A46-A148-F09C9371AF26}.Ad-Hoc|Any CPU.Deploy.0 = Release|x86
		{30FF5382-82F2-4A46-A148-F09C9371AF26}.Ad-Hoc|ARM.ActiveCfg = Release|ARM
		{30FF5382-82F2-4A46-A148-F09C9371AF26}.Ad-Hoc|ARM.Build.0 = Release|ARM
		{30FF5382-82F2-4A46-A148-F09C9371AF26}.Ad-Hoc|ARM.Deploy.0 = Release|ARM
		{30FF5382-82F2-4A46-A148-F09C9371AF26}.Ad-Hoc|iPhone.ActiveCfg = Release|x86
		{30FF5382-82F2-4A46-A148-F09C9371AF26}.Ad-Hoc|iPhone.Build.0 = Release|x86
		{30FF5382-82F2-4A46-A148-F09C9371AF26}.Ad-Hoc|iPhone.Deploy.0 = Release|x86
		{30FF5382-82F2-4A46-A148-F09C9371AF26}.Ad-Hoc|iPhoneSimulator.ActiveCfg = Release|x86
		{30FF5382-82F2-4A46-A148-F09C9371AF26}.Ad-Hoc|iPhoneSimulator.Build.0 = Release|x86
		{30FF5382-82F2-4A46-A148-F09C9371AF26}.Ad-Hoc|iPhoneSimulator.Deploy.0 = Release|x86
		{30FF5382-82F2-4A46-A148-F09C9371AF26}.Ad-Hoc|x64.ActiveCfg = Release|x64
		{30FF5382-82F2-4A46-A148-F09C9371AF26}.Ad-Hoc|x64.Build.0 = Release|x64
		{30FF5382-82F2-4A46-A148-F09C9371AF26}.Ad-Hoc|x64.Deploy.0 = Release|x64
		{30FF5382-82F2-4A46-A148-F09C9371AF26}.Ad-Hoc|x86.ActiveCfg = Release|x86
		{30FF5382-82F2-4A46-A148-F09C9371AF26}.Ad-Hoc|x86.Build.0 = Release|x86
		{30FF5382-82F2-4A46-A148-F09C9371AF26}.Ad-Hoc|x86.Deploy.0 = Release|x86
		{30FF5382-82F2-4A46-A148-F09C9371AF26}.AppStore|Any CPU.ActiveCfg = Release|x86
		{30FF5382-82F2-4A46-A148-F09C9371AF26}.AppStore|Any CPU.Build.0 = Release|x86
		{30FF5382-82F2-4A46-A148-F09C9371AF26}.AppStore|Any CPU.Deploy.0 = Release|x86
		{30FF5382-82F2-4A46-A148-F09C9371AF26}.AppStore|ARM.ActiveCfg = Release|ARM
		{30FF5382-82F2-4A46-A148-F09C9371AF26}.AppStore|ARM.Build.0 = Release|ARM
		{30FF5382-82F2-4A46-A148-F09C9371AF26}.AppStore|ARM.Deploy.0 = Release|ARM
		{30FF5382-82F2-4A46-A148-F09C9371AF26}.AppStore|iPhone.ActiveCfg = Release|x86
		{30FF5382-82F2-4A46-A148-F09C9371AF26}.AppStore|iPhone.Build.0 = Release|x86
		{30FF5382-82F2-4A46-A148-F09C9371AF26}.AppStore|iPhone.Deploy.0 = Release|x86
		{30FF5382-82F2-4A46-A148-F09C9371AF26}.AppStore|iPhoneSimulator.ActiveCfg = Release|x86
		{30FF5382-82F2-4A46-A148-F09C9371AF26}.AppStore|iPhoneSimulator.Build.0 = Release|x86
		{30FF5382-82F2-4A46-A148-F09C9371AF26}.AppStore|iPhoneSimulator.Deploy.0 = Release|x86
		{30FF5382-82F2-4A46-A148-F09C9371AF26}.AppStore|x64.ActiveCfg = Release|x64
		{30FF5382-82F2-4A46-A148-F09C9371AF26}.AppStore|x64.Build.0 = Release|x64
		{30FF5382-82F2-4A46-A148-F09C9371AF26}.AppStore|x64.Deploy.0 = Release|x64
		{30FF5382-82F2-4A46-A148-F09C9371AF26}.AppStore|x86.ActiveCfg = Release|x86
		{30FF5382-82F2-4A46-A148-F09C9371AF26}.AppStore|x86.Build.0 = Release|x86
		{30FF5382-82F2-4A46-A148-F09C9371AF26}.AppStore|x86.Deploy.0 = Release|x86
		{30FF5382-82F2-4A46-A148-F09C9371AF26}.Debug|Any CPU.ActiveCfg = Debug|x86
		{30FF5382-82F2-4A46-A148-F09C9371AF26}.Debug|ARM.ActiveCfg = Debug|ARM
		{30FF5382-82F2-4A46-A148-F09C9371AF26}.Debug|ARM.Build.0 = Debug|ARM
		{30FF5382-82F2-4A46-A148-F09C9371AF26}.Debug|ARM.Deploy.0 = Debug|ARM
		{30FF5382-82F2-4A46-A148-F09C9371AF26}.Debug|iPhone.ActiveCfg = Debug|x86
		{30FF5382-82F2-4A46-A148-F09C9371AF26}.Debug|iPhoneSimulator.ActiveCfg = Debug|x86
		{30FF5382-82F2-4A46-A148-F09C9371AF26}.Debug|x64.ActiveCfg = Debug|x64
		{30FF5382-82F2-4A46-A148-F09C9371AF26}.Debug|x64.Build.0 = Debug|x64
		{30FF5382-82F2-4A46-A148-F09C9371AF26}.Debug|x64.Deploy.0 = Debug|x64
		{30FF5382-82F2-4A46-A148-F09C9371AF26}.Debug|x86.ActiveCfg = Debug|x86
		{30FF5382-82F2-4A46-A148-F09C9371AF26}.Debug|x86.Build.0 = Debug|x86
		{30FF5382-82F2-4A46-A148-F09C9371AF26}.Debug|x86.Deploy.0 = Debug|x86
		{30FF5382-82F2-4A46-A148-F09C9371AF26}.Release|Any CPU.ActiveCfg = Release|x86
		{30FF5382-82F2-4A46-A148-F09C9371AF26}.Release|ARM.ActiveCfg = Release|ARM
		{30FF5382-82F2-4A46-A148-F09C9371AF26}.Release|ARM.Build.0 = Release|ARM
		{30FF5382-82F2-4A46-A148-F09C9371AF26}.Release|ARM.Deploy.0 = Release|ARM
		{30FF5382-82F2-4A46-A148-F09C9371AF26}.Release|iPhone.ActiveCfg = Release|x86
		{30FF5382-82F2-4A46-A148-F09C9371AF26}.Release|iPhoneSimulator.ActiveCfg = Release|x86
		{30FF5382-82F2-4A46-A148-F09C9371AF26}.Release|x64.ActiveCfg = Release|x64
		{30FF5382-82F2-4A46-A148-F09C9371AF26}.Release|x64.Build.0 = Release|x64
		{30FF5382-82F2-4A46-A148-F09C9371AF26}.Release|x64.Deploy.0 = Release|x64
		{30FF5382-82F2-4A46-A148-F09C9371AF26}.Release|x86.ActiveCfg = Release|x86
		{30FF5382-82F2-4A46-A148-F09C9371AF26}.Release|x86.Build.0 = Release|x86
		{30FF5382-82F2-4A46-A148-F09C9371AF26}.Release|x86.Deploy.0 = Release|x86
		{577663A9-8770-4645-A597-517016F7A79A}.Ad-Hoc|Any CPU.ActiveCfg = Release|Any CPU
		{577663A9-8770-4645-A597-517016F7A79A}.Ad-Hoc|Any CPU.Build.0 = Release|Any CPU
		{577663A9-8770-4645-A597-517016F7A79A}.Ad-Hoc|Any CPU.Deploy.0 = Release|Any CPU
		{577663A9-8770-4645-A597-517016F7A79A}.Ad-Hoc|ARM.ActiveCfg = Release|ARM
		{577663A9-8770-4645-A597-517016F7A79A}.Ad-Hoc|ARM.Build.0 = Release|ARM
		{577663A9-8770-4645-A597-517016F7A79A}.Ad-Hoc|ARM.Deploy.0 = Release|ARM
		{577663A9-8770-4645-A597-517016F7A79A}.Ad-Hoc|iPhone.ActiveCfg = Release|Any CPU
		{577663A9-8770-4645-A597-517016F7A79A}.Ad-Hoc|iPhone.Build.0 = Release|Any CPU
		{577663A9-8770-4645-A597-517016F7A79A}.Ad-Hoc|iPhone.Deploy.0 = Release|Any CPU
		{577663A9-8770-4645-A597-517016F7A79A}.Ad-Hoc|iPhoneSimulator.ActiveCfg = Release|Any CPU
		{577663A9-8770-4645-A597-517016F7A79A}.Ad-Hoc|iPhoneSimulator.Build.0 = Release|Any CPU
		{577663A9-8770-4645-A597-517016F7A79A}.Ad-Hoc|iPhoneSimulator.Deploy.0 = Release|Any CPU
		{577663A9-8770-4645-A597-517016F7A79A}.Ad-Hoc|x64.ActiveCfg = Release|x64
		{577663A9-8770-4645-A597-517016F7A79A}.Ad-Hoc|x64.Build.0 = Release|x64
		{577663A9-8770-4645-A597-517016F7A79A}.Ad-Hoc|x64.Deploy.0 = Release|x64
		{577663A9-8770-4645-A597-517016F7A79A}.Ad-Hoc|x86.ActiveCfg = Release|x86
		{577663A9-8770-4645-A597-517016F7A79A}.Ad-Hoc|x86.Build.0 = Release|x86
		{577663A9-8770-4645-A597-517016F7A79A}.Ad-Hoc|x86.Deploy.0 = Release|x86
		{577663A9-8770-4645-A597-517016F7A79A}.AppStore|Any CPU.ActiveCfg = Release|Any CPU
		{577663A9-8770-4645-A597-517016F7A79A}.AppStore|Any CPU.Build.0 = Release|Any CPU
		{577663A9-8770-4645-A597-517016F7A79A}.AppStore|Any CPU.Deploy.0 = Release|Any CPU
		{577663A9-8770-4645-A597-517016F7A79A}.AppStore|ARM.ActiveCfg = Release|ARM
		{577663A9-8770-4645-A597-517016F7A79A}.AppStore|ARM.Build.0 = Release|ARM
		{577663A9-8770-4645-A597-517016F7A79A}.AppStore|ARM.Deploy.0 = Release|ARM
		{577663A9-8770-4645-A597-517016F7A79A}.AppStore|iPhone.ActiveCfg = Release|Any CPU
		{577663A9-8770-4645-A597-517016F7A79A}.AppStore|iPhone.Build.0 = Release|Any CPU
		{577663A9-8770-4645-A597-517016F7A79A}.AppStore|iPhone.Deploy.0 = Release|Any CPU
		{577663A9-8770-4645-A597-517016F7A79A}.AppStore|iPhoneSimulator.ActiveCfg = Release|Any CPU
		{577663A9-8770-4645-A597-517016F7A79A}.AppStore|iPhoneSimulator.Build.0 = Release|Any CPU
		{577663A9-8770-4645-A597-517016F7A79A}.AppStore|iPhoneSimulator.Deploy.0 = Release|Any CPU
		{577663A9-8770-4645-A597-517016F7A79A}.AppStore|x64.ActiveCfg = Release|x64
		{577663A9-8770-4645-A597-517016F7A79A}.AppStore|x64.Build.0 = Release|x64
		{577663A9-8770-4645-A597-517016F7A79A}.AppStore|x64.Deploy.0 = Release|x64
		{577663A9-8770-4645-A597-517016F7A79A}.AppStore|x86.ActiveCfg = Release|x86
		{577663A9-8770-4645-A597-517016F7A79A}.AppStore|x86.Build.0 = Release|x86
		{577663A9-8770-4645-A597-517016F7A79A}.AppStore|x86.Deploy.0 = Release|x86
		{577663A9-8770-4645-A597-517016F7A79A}.Debug|Any CPU.ActiveCfg = Debug|Any CPU
		{577663A9-8770-4645-A597-517016F7A79A}.Debug|Any CPU.Build.0 = Debug|Any CPU
		{577663A9-8770-4645-A597-517016F7A79A}.Debug|Any CPU.Deploy.0 = Debug|Any CPU
		{577663A9-8770-4645-A597-517016F7A79A}.Debug|ARM.ActiveCfg = Debug|ARM
		{577663A9-8770-4645-A597-517016F7A79A}.Debug|ARM.Build.0 = Debug|ARM
		{577663A9-8770-4645-A597-517016F7A79A}.Debug|ARM.Deploy.0 = Debug|ARM
		{577663A9-8770-4645-A597-517016F7A79A}.Debug|iPhone.ActiveCfg = Debug|Any CPU
		{577663A9-8770-4645-A597-517016F7A79A}.Debug|iPhone.Build.0 = Debug|Any CPU
		{577663A9-8770-4645-A597-517016F7A79A}.Debug|iPhone.Deploy.0 = Debug|Any CPU
		{577663A9-8770-4645-A597-517016F7A79A}.Debug|iPhoneSimulator.ActiveCfg = Debug|Any CPU
		{577663A9-8770-4645-A597-517016F7A79A}.Debug|iPhoneSimulator.Build.0 = Debug|Any CPU
		{577663A9-8770-4645-A597-517016F7A79A}.Debug|iPhoneSimulator.Deploy.0 = Debug|Any CPU
		{577663A9-8770-4645-A597-517016F7A79A}.Debug|x64.ActiveCfg = Debug|x64
		{577663A9-8770-4645-A597-517016F7A79A}.Debug|x64.Build.0 = Debug|x64
		{577663A9-8770-4645-A597-517016F7A79A}.Debug|x64.Deploy.0 = Debug|x64
		{577663A9-8770-4645-A597-517016F7A79A}.Debug|x86.ActiveCfg = Debug|x86
		{577663A9-8770-4645-A597-517016F7A79A}.Debug|x86.Build.0 = Debug|x86
		{577663A9-8770-4645-A597-517016F7A79A}.Debug|x86.Deploy.0 = Debug|x86
		{577663A9-8770-4645-A597-517016F7A79A}.Release|Any CPU.ActiveCfg = Release|Any CPU
		{577663A9-8770-4645-A597-517016F7A79A}.Release|Any CPU.Build.0 = Release|Any CPU
		{577663A9-8770-4645-A597-517016F7A79A}.Release|Any CPU.Deploy.0 = Release|Any CPU
		{577663A9-8770-4645-A597-517016F7A79A}.Release|ARM.ActiveCfg = Release|ARM
		{577663A9-8770-4645-A597-517016F7A79A}.Release|ARM.Build.0 = Release|ARM
		{577663A9-8770-4645-A597-517016F7A79A}.Release|ARM.Deploy.0 = Release|ARM
		{577663A9-8770-4645-A597-517016F7A79A}.Release|iPhone.ActiveCfg = Release|Any CPU
		{577663A9-8770-4645-A597-517016F7A79A}.Release|iPhone.Build.0 = Release|Any CPU
		{577663A9-8770-4645-A597-517016F7A79A}.Release|iPhone.Deploy.0 = Release|Any CPU
		{577663A9-8770-4645-A597-517016F7A79A}.Release|iPhoneSimulator.ActiveCfg = Release|Any CPU
		{577663A9-8770-4645-A597-517016F7A79A}.Release|iPhoneSimulator.Build.0 = Release|Any CPU
		{577663A9-8770-4645-A597-517016F7A79A}.Release|iPhoneSimulator.Deploy.0 = Release|Any CPU
		{577663A9-8770-4645-A597-517016F7A79A}.Release|x64.ActiveCfg = Release|x64
		{577663A9-8770-4645-A597-517016F7A79A}.Release|x64.Build.0 = Release|x64
		{577663A9-8770-4645-A597-517016F7A79A}.Release|x64.Deploy.0 = Release|x64
		{577663A9-8770-4645-A597-517016F7A79A}.Release|x86.ActiveCfg = Release|x86
		{577663A9-8770-4645-A597-517016F7A79A}.Release|x86.Build.0 = Release|x86
		{577663A9-8770-4645-A597-517016F7A79A}.Release|x86.Deploy.0 = Release|x86
		{FF538D3F-8C74-4291-A964-5EBD45941735}.Ad-Hoc|Any CPU.ActiveCfg = Release|Any CPU
		{FF538D3F-8C74-4291-A964-5EBD45941735}.Ad-Hoc|Any CPU.Build.0 = Release|Any CPU
		{FF538D3F-8C74-4291-A964-5EBD45941735}.Ad-Hoc|ARM.ActiveCfg = Release|Any CPU
		{FF538D3F-8C74-4291-A964-5EBD45941735}.Ad-Hoc|ARM.Build.0 = Release|Any CPU
		{FF538D3F-8C74-4291-A964-5EBD45941735}.Ad-Hoc|iPhone.ActiveCfg = Release|Any CPU
		{FF538D3F-8C74-4291-A964-5EBD45941735}.Ad-Hoc|iPhone.Build.0 = Release|Any CPU
		{FF538D3F-8C74-4291-A964-5EBD45941735}.Ad-Hoc|iPhoneSimulator.ActiveCfg = Release|Any CPU
		{FF538D3F-8C74-4291-A964-5EBD45941735}.Ad-Hoc|iPhoneSimulator.Build.0 = Release|Any CPU
		{FF538D3F-8C74-4291-A964-5EBD45941735}.Ad-Hoc|x64.ActiveCfg = Release|Any CPU
		{FF538D3F-8C74-4291-A964-5EBD45941735}.Ad-Hoc|x64.Build.0 = Release|Any CPU
		{FF538D3F-8C74-4291-A964-5EBD45941735}.Ad-Hoc|x86.ActiveCfg = Release|Any CPU
		{FF538D3F-8C74-4291-A964-5EBD45941735}.Ad-Hoc|x86.Build.0 = Release|Any CPU
		{FF538D3F-8C74-4291-A964-5EBD45941735}.AppStore|Any CPU.ActiveCfg = Release|Any CPU
		{FF538D3F-8C74-4291-A964-5EBD45941735}.AppStore|Any CPU.Build.0 = Release|Any CPU
		{FF538D3F-8C74-4291-A964-5EBD45941735}.AppStore|ARM.ActiveCfg = Release|Any CPU
		{FF538D3F-8C74-4291-A964-5EBD45941735}.AppStore|ARM.Build.0 = Release|Any CPU
		{FF538D3F-8C74-4291-A964-5EBD45941735}.AppStore|iPhone.ActiveCfg = Release|Any CPU
		{FF538D3F-8C74-4291-A964-5EBD45941735}.AppStore|iPhone.Build.0 = Release|Any CPU
		{FF538D3F-8C74-4291-A964-5EBD45941735}.AppStore|iPhoneSimulator.ActiveCfg = Release|Any CPU
		{FF538D3F-8C74-4291-A964-5EBD45941735}.AppStore|iPhoneSimulator.Build.0 = Release|Any CPU
		{FF538D3F-8C74-4291-A964-5EBD45941735}.AppStore|x64.ActiveCfg = Release|Any CPU
		{FF538D3F-8C74-4291-A964-5EBD45941735}.AppStore|x64.Build.0 = Release|Any CPU
		{FF538D3F-8C74-4291-A964-5EBD45941735}.AppStore|x86.ActiveCfg = Release|Any CPU
		{FF538D3F-8C74-4291-A964-5EBD45941735}.AppStore|x86.Build.0 = Release|Any CPU
		{FF538D3F-8C74-4291-A964-5EBD45941735}.Debug|Any CPU.ActiveCfg = Debug|Any CPU
		{FF538D3F-8C74-4291-A964-5EBD45941735}.Debug|Any CPU.Build.0 = Debug|Any CPU
		{FF538D3F-8C74-4291-A964-5EBD45941735}.Debug|ARM.ActiveCfg = Debug|Any CPU
		{FF538D3F-8C74-4291-A964-5EBD45941735}.Debug|ARM.Build.0 = Debug|Any CPU
		{FF538D3F-8C74-4291-A964-5EBD45941735}.Debug|iPhone.ActiveCfg = Debug|Any CPU
		{FF538D3F-8C74-4291-A964-5EBD45941735}.Debug|iPhone.Build.0 = Debug|Any CPU
		{FF538D3F-8C74-4291-A964-5EBD45941735}.Debug|iPhoneSimulator.ActiveCfg = Debug|Any CPU
		{FF538D3F-8C74-4291-A964-5EBD45941735}.Debug|iPhoneSimulator.Build.0 = Debug|Any CPU
		{FF538D3F-8C74-4291-A964-5EBD45941735}.Debug|x64.ActiveCfg = Debug|Any CPU
		{FF538D3F-8C74-4291-A964-5EBD45941735}.Debug|x64.Build.0 = Debug|Any CPU
		{FF538D3F-8C74-4291-A964-5EBD45941735}.Debug|x86.ActiveCfg = Debug|Any CPU
		{FF538D3F-8C74-4291-A964-5EBD45941735}.Debug|x86.Build.0 = Debug|Any CPU
		{FF538D3F-8C74-4291-A964-5EBD45941735}.Release|Any CPU.ActiveCfg = Release|Any CPU
		{FF538D3F-8C74-4291-A964-5EBD45941735}.Release|Any CPU.Build.0 = Release|Any CPU
		{FF538D3F-8C74-4291-A964-5EBD45941735}.Release|ARM.ActiveCfg = Release|Any CPU
		{FF538D3F-8C74-4291-A964-5EBD45941735}.Release|ARM.Build.0 = Release|Any CPU
		{FF538D3F-8C74-4291-A964-5EBD45941735}.Release|iPhone.ActiveCfg = Release|Any CPU
		{FF538D3F-8C74-4291-A964-5EBD45941735}.Release|iPhone.Build.0 = Release|Any CPU
		{FF538D3F-8C74-4291-A964-5EBD45941735}.Release|iPhoneSimulator.ActiveCfg = Release|Any CPU
		{FF538D3F-8C74-4291-A964-5EBD45941735}.Release|iPhoneSimulator.Build.0 = Release|Any CPU
		{FF538D3F-8C74-4291-A964-5EBD45941735}.Release|x64.ActiveCfg = Release|Any CPU
		{FF538D3F-8C74-4291-A964-5EBD45941735}.Release|x64.Build.0 = Release|Any CPU
		{FF538D3F-8C74-4291-A964-5EBD45941735}.Release|x86.ActiveCfg = Release|Any CPU
		{FF538D3F-8C74-4291-A964-5EBD45941735}.Release|x86.Build.0 = Release|Any CPU
	EndGlobalSection
	GlobalSection(SolutionProperties) = preSolution
		HideSolutionNode = FALSE
	EndGlobalSection
EndGlobal
